// !$*UTF8*$!
{
	archiveVersion = 1;
	classes = {
	};
	objectVersion = 56;
	objects = {

/* Begin PBXBuildFile section */
		786135142A12434B00CBB15E /* AppDelegate.swift in Sources */ = {isa = PBXBuildFile; fileRef = 786135132A12434B00CBB15E /* AppDelegate.swift */; };
		786135162A12434B00CBB15E /* SceneDelegate.swift in Sources */ = {isa = PBXBuildFile; fileRef = 786135152A12434B00CBB15E /* SceneDelegate.swift */; };
		786135182A12434B00CBB15E /* HomeVC.swift in Sources */ = {isa = PBXBuildFile; fileRef = 786135172A12434B00CBB15E /* HomeVC.swift */; };
		7861351E2A12434B00CBB15E /* DeezerApp.xcdatamodeld in Sources */ = {isa = PBXBuildFile; fileRef = 7861351C2A12434B00CBB15E /* DeezerApp.xcdatamodeld */; };
		786135202A12434D00CBB15E /* Assets.xcassets in Resources */ = {isa = PBXBuildFile; fileRef = 7861351F2A12434D00CBB15E /* Assets.xcassets */; };
		786135232A12434D00CBB15E /* LaunchScreen.storyboard in Resources */ = {isa = PBXBuildFile; fileRef = 786135212A12434D00CBB15E /* LaunchScreen.storyboard */; };
		786135392A1249E400CBB15E /* NetworkService.swift in Sources */ = {isa = PBXBuildFile; fileRef = 786135382A1249E400CBB15E /* NetworkService.swift */; };
		7861353B2A1249FD00CBB15E /* HTTPMethod.swift in Sources */ = {isa = PBXBuildFile; fileRef = 7861353A2A1249FD00CBB15E /* HTTPMethod.swift */; };
		7861353D2A124A1600CBB15E /* ErrorResponse.swift in Sources */ = {isa = PBXBuildFile; fileRef = 7861353C2A124A1600CBB15E /* ErrorResponse.swift */; };
		7861353F2A124A2100CBB15E /* DataRequest.swift in Sources */ = {isa = PBXBuildFile; fileRef = 7861353E2A124A2100CBB15E /* DataRequest.swift */; };
		786135412A124A2B00CBB15E /* Endpoint.swift in Sources */ = {isa = PBXBuildFile; fileRef = 786135402A124A2B00CBB15E /* Endpoint.swift */; };
		786135452A124AC700CBB15E /* AlbumListRequest.swift in Sources */ = {isa = PBXBuildFile; fileRef = 786135442A124AC700CBB15E /* AlbumListRequest.swift */; };
		786135482A124ADA00CBB15E /* ArtistListRequest.swift in Sources */ = {isa = PBXBuildFile; fileRef = 786135472A124ADA00CBB15E /* ArtistListRequest.swift */; };
		7861354A2A124AE500CBB15E /* ArtistRequest.swift in Sources */ = {isa = PBXBuildFile; fileRef = 786135492A124AE500CBB15E /* ArtistRequest.swift */; };
		7861354C2A124AED00CBB15E /* AlbumRequest.swift in Sources */ = {isa = PBXBuildFile; fileRef = 7861354B2A124AED00CBB15E /* AlbumRequest.swift */; };
		7861354E2A124AF800CBB15E /* APIRequest.swift in Sources */ = {isa = PBXBuildFile; fileRef = 7861354D2A124AF800CBB15E /* APIRequest.swift */; };
		786135512A124B0A00CBB15E /* GenreRequest.swift in Sources */ = {isa = PBXBuildFile; fileRef = 786135502A124B0A00CBB15E /* GenreRequest.swift */; };
		786135532A124B1D00CBB15E /* ArtistListResponse.swift in Sources */ = {isa = PBXBuildFile; fileRef = 786135522A124B1D00CBB15E /* ArtistListResponse.swift */; };
		786135552A124B2E00CBB15E /* GenreResponse.swift in Sources */ = {isa = PBXBuildFile; fileRef = 786135542A124B2E00CBB15E /* GenreResponse.swift */; };
		786135572A124B3E00CBB15E /* Artist.swift in Sources */ = {isa = PBXBuildFile; fileRef = 786135562A124B3E00CBB15E /* Artist.swift */; };
		786135592A124B4300CBB15E /* AlbumList.swift in Sources */ = {isa = PBXBuildFile; fileRef = 786135582A124B4300CBB15E /* AlbumList.swift */; };
		7861355B2A124B5200CBB15E /* AlbumResponse.swift in Sources */ = {isa = PBXBuildFile; fileRef = 7861355A2A124B5200CBB15E /* AlbumResponse.swift */; };
		786135602A124E2400CBB15E /* BaseVC.swift in Sources */ = {isa = PBXBuildFile; fileRef = 7861355F2A124E2400CBB15E /* BaseVC.swift */; };
		786135622A124E3600CBB15E /* BaseViewModel.swift in Sources */ = {isa = PBXBuildFile; fileRef = 786135612A124E3600CBB15E /* BaseViewModel.swift */; };
		786135672A124EEE00CBB15E /* ArtistListVC.swift in Sources */ = {isa = PBXBuildFile; fileRef = 786135662A124EEE00CBB15E /* ArtistListVC.swift */; };
		786135692A124F0600CBB15E /* HomeViewModel.swift in Sources */ = {isa = PBXBuildFile; fileRef = 786135682A124F0600CBB15E /* HomeViewModel.swift */; };
		7861356B2A124F1300CBB15E /* ArtistListViewModel.swift in Sources */ = {isa = PBXBuildFile; fileRef = 7861356A2A124F1300CBB15E /* ArtistListViewModel.swift */; };
		7861356D2A124F6100CBB15E /* HomeView.swift in Sources */ = {isa = PBXBuildFile; fileRef = 7861356C2A124F6100CBB15E /* HomeView.swift */; };
		7861356F2A124F6800CBB15E /* MediaCell.swift in Sources */ = {isa = PBXBuildFile; fileRef = 7861356E2A124F6800CBB15E /* MediaCell.swift */; };
		786135712A124F9300CBB15E /* CGFloat+Extensions.swift in Sources */ = {isa = PBXBuildFile; fileRef = 786135702A124F9300CBB15E /* CGFloat+Extensions.swift */; };
		786135732A124FC000CBB15E /* UIImage+Extensions.swift in Sources */ = {isa = PBXBuildFile; fileRef = 786135722A124FC000CBB15E /* UIImage+Extensions.swift */; };
		786135752A124FCF00CBB15E /* UIColor+Extensions.swift in Sources */ = {isa = PBXBuildFile; fileRef = 786135742A124FCF00CBB15E /* UIColor+Extensions.swift */; };
		786135772A124FDF00CBB15E /* CoreDataManager.swift in Sources */ = {isa = PBXBuildFile; fileRef = 786135762A124FDF00CBB15E /* CoreDataManager.swift */; };
/* End PBXBuildFile section */

/* Begin PBXFileReference section */
		786135102A12434B00CBB15E /* DeezerApp.app */ = {isa = PBXFileReference; explicitFileType = wrapper.application; includeInIndex = 0; path = DeezerApp.app; sourceTree = BUILT_PRODUCTS_DIR; };
		786135132A12434B00CBB15E /* AppDelegate.swift */ = {isa = PBXFileReference; lastKnownFileType = sourcecode.swift; path = AppDelegate.swift; sourceTree = "<group>"; };
		786135152A12434B00CBB15E /* SceneDelegate.swift */ = {isa = PBXFileReference; lastKnownFileType = sourcecode.swift; path = SceneDelegate.swift; sourceTree = "<group>"; };
		786135172A12434B00CBB15E /* HomeVC.swift */ = {isa = PBXFileReference; lastKnownFileType = sourcecode.swift; path = HomeVC.swift; sourceTree = "<group>"; };
		7861351D2A12434B00CBB15E /* DeezerApp.xcdatamodel */ = {isa = PBXFileReference; lastKnownFileType = wrapper.xcdatamodel; path = DeezerApp.xcdatamodel; sourceTree = "<group>"; };
		7861351F2A12434D00CBB15E /* Assets.xcassets */ = {isa = PBXFileReference; lastKnownFileType = folder.assetcatalog; path = Assets.xcassets; sourceTree = "<group>"; };
		786135222A12434D00CBB15E /* Base */ = {isa = PBXFileReference; lastKnownFileType = file.storyboard; name = Base; path = Base.lproj/LaunchScreen.storyboard; sourceTree = "<group>"; };
		786135242A12434D00CBB15E /* Info.plist */ = {isa = PBXFileReference; lastKnownFileType = text.plist.xml; path = Info.plist; sourceTree = "<group>"; };
		786135382A1249E400CBB15E /* NetworkService.swift */ = {isa = PBXFileReference; lastKnownFileType = sourcecode.swift; path = NetworkService.swift; sourceTree = "<group>"; };
		7861353A2A1249FD00CBB15E /* HTTPMethod.swift */ = {isa = PBXFileReference; lastKnownFileType = sourcecode.swift; path = HTTPMethod.swift; sourceTree = "<group>"; };
		7861353C2A124A1600CBB15E /* ErrorResponse.swift */ = {isa = PBXFileReference; lastKnownFileType = sourcecode.swift; path = ErrorResponse.swift; sourceTree = "<group>"; };
		7861353E2A124A2100CBB15E /* DataRequest.swift */ = {isa = PBXFileReference; lastKnownFileType = sourcecode.swift; path = DataRequest.swift; sourceTree = "<group>"; };
		786135402A124A2B00CBB15E /* Endpoint.swift */ = {isa = PBXFileReference; lastKnownFileType = sourcecode.swift; path = Endpoint.swift; sourceTree = "<group>"; };
		786135442A124AC700CBB15E /* AlbumListRequest.swift */ = {isa = PBXFileReference; lastKnownFileType = sourcecode.swift; path = AlbumListRequest.swift; sourceTree = "<group>"; };
		786135472A124ADA00CBB15E /* ArtistListRequest.swift */ = {isa = PBXFileReference; lastKnownFileType = sourcecode.swift; path = ArtistListRequest.swift; sourceTree = "<group>"; };
		786135492A124AE500CBB15E /* ArtistRequest.swift */ = {isa = PBXFileReference; lastKnownFileType = sourcecode.swift; path = ArtistRequest.swift; sourceTree = "<group>"; };
		7861354B2A124AED00CBB15E /* AlbumRequest.swift */ = {isa = PBXFileReference; lastKnownFileType = sourcecode.swift; path = AlbumRequest.swift; sourceTree = "<group>"; };
		7861354D2A124AF800CBB15E /* APIRequest.swift */ = {isa = PBXFileReference; lastKnownFileType = sourcecode.swift; path = APIRequest.swift; sourceTree = "<group>"; };
		786135502A124B0A00CBB15E /* GenreRequest.swift */ = {isa = PBXFileReference; lastKnownFileType = sourcecode.swift; path = GenreRequest.swift; sourceTree = "<group>"; };
		786135522A124B1D00CBB15E /* ArtistListResponse.swift */ = {isa = PBXFileReference; lastKnownFileType = sourcecode.swift; path = ArtistListResponse.swift; sourceTree = "<group>"; };
		786135542A124B2E00CBB15E /* GenreResponse.swift */ = {isa = PBXFileReference; lastKnownFileType = sourcecode.swift; path = GenreResponse.swift; sourceTree = "<group>"; };
		786135562A124B3E00CBB15E /* Artist.swift */ = {isa = PBXFileReference; lastKnownFileType = sourcecode.swift; path = Artist.swift; sourceTree = "<group>"; };
		786135582A124B4300CBB15E /* AlbumList.swift */ = {isa = PBXFileReference; lastKnownFileType = sourcecode.swift; path = AlbumList.swift; sourceTree = "<group>"; };
		7861355A2A124B5200CBB15E /* AlbumResponse.swift */ = {isa = PBXFileReference; lastKnownFileType = sourcecode.swift; path = AlbumResponse.swift; sourceTree = "<group>"; };
		7861355F2A124E2400CBB15E /* BaseVC.swift */ = {isa = PBXFileReference; lastKnownFileType = sourcecode.swift; path = BaseVC.swift; sourceTree = "<group>"; };
		786135612A124E3600CBB15E /* BaseViewModel.swift */ = {isa = PBXFileReference; lastKnownFileType = sourcecode.swift; path = BaseViewModel.swift; sourceTree = "<group>"; };
		786135662A124EEE00CBB15E /* ArtistListVC.swift */ = {isa = PBXFileReference; lastKnownFileType = sourcecode.swift; path = ArtistListVC.swift; sourceTree = "<group>"; };
		786135682A124F0600CBB15E /* HomeViewModel.swift */ = {isa = PBXFileReference; lastKnownFileType = sourcecode.swift; path = HomeViewModel.swift; sourceTree = "<group>"; };
		7861356A2A124F1300CBB15E /* ArtistListViewModel.swift */ = {isa = PBXFileReference; lastKnownFileType = sourcecode.swift; path = ArtistListViewModel.swift; sourceTree = "<group>"; };
		7861356C2A124F6100CBB15E /* HomeView.swift */ = {isa = PBXFileReference; lastKnownFileType = sourcecode.swift; path = HomeView.swift; sourceTree = "<group>"; };
		7861356E2A124F6800CBB15E /* MediaCell.swift */ = {isa = PBXFileReference; lastKnownFileType = sourcecode.swift; path = MediaCell.swift; sourceTree = "<group>"; };
		786135702A124F9300CBB15E /* CGFloat+Extensions.swift */ = {isa = PBXFileReference; lastKnownFileType = sourcecode.swift; path = "CGFloat+Extensions.swift"; sourceTree = "<group>"; };
		786135722A124FC000CBB15E /* UIImage+Extensions.swift */ = {isa = PBXFileReference; lastKnownFileType = sourcecode.swift; path = "UIImage+Extensions.swift"; sourceTree = "<group>"; };
		786135742A124FCF00CBB15E /* UIColor+Extensions.swift */ = {isa = PBXFileReference; lastKnownFileType = sourcecode.swift; path = "UIColor+Extensions.swift"; sourceTree = "<group>"; };
		786135762A124FDF00CBB15E /* CoreDataManager.swift */ = {isa = PBXFileReference; lastKnownFileType = sourcecode.swift; path = CoreDataManager.swift; sourceTree = "<group>"; };
/* End PBXFileReference section */

/* Begin PBXFrameworksBuildPhase section */
		7861350D2A12434B00CBB15E /* Frameworks */ = {
			isa = PBXFrameworksBuildPhase;
			buildActionMask = 2147483647;
			files = (
			);
			runOnlyForDeploymentPostprocessing = 0;
		};
/* End PBXFrameworksBuildPhase section */

/* Begin PBXGroup section */
		786135072A12434B00CBB15E = {
			isa = PBXGroup;
			children = (
				786135122A12434B00CBB15E /* DeezerApp */,
				786135112A12434B00CBB15E /* Products */,
			);
			sourceTree = "<group>";
		};
		786135112A12434B00CBB15E /* Products */ = {
			isa = PBXGroup;
			children = (
				786135102A12434B00CBB15E /* DeezerApp.app */,
			);
			name = Products;
			sourceTree = "<group>";
		};
		786135122A12434B00CBB15E /* DeezerApp */ = {
			isa = PBXGroup;
			children = (
				7861352B2A12478200CBB15E /* App */,
				7861352A2A12477F00CBB15E /* Screens */,
			);
			path = DeezerApp;
			sourceTree = "<group>";
		};
		7861352A2A12477F00CBB15E /* Screens */ = {
			isa = PBXGroup;
			children = (
				786135612A124E3600CBB15E /* BaseViewModel.swift */,
				7861355F2A124E2400CBB15E /* BaseVC.swift */,
				7861355D2A124DCF00CBB15E /* HomeView */,
				7861355E2A124DD600CBB15E /* FavoriteView */,
				7861355C2A124B9200CBB15E /* Models */,
			);
			path = Screens;
			sourceTree = "<group>";
		};
		7861352B2A12478200CBB15E /* App */ = {
			isa = PBXGroup;
			children = (
				786135312A1249A000CBB15E /* Core */,
				7861352D2A12478600CBB15E /* Assets */,
				7861352F2A1247A400CBB15E /* Views */,
				7861352C2A12478400CBB15E /* Plists */,
				7861352E2A12478800CBB15E /* Delegates */,
				786135302A1247AF00CBB15E /* DB */,
			);
			path = App;
			sourceTree = "<group>";
		};
		7861352C2A12478400CBB15E /* Plists */ = {
			isa = PBXGroup;
			children = (
				786135242A12434D00CBB15E /* Info.plist */,
			);
			path = Plists;
			sourceTree = "<group>";
		};
		7861352D2A12478600CBB15E /* Assets */ = {
			isa = PBXGroup;
			children = (
				7861351F2A12434D00CBB15E /* Assets.xcassets */,
			);
			path = Assets;
			sourceTree = "<group>";
		};
		7861352E2A12478800CBB15E /* Delegates */ = {
			isa = PBXGroup;
			children = (
				786135132A12434B00CBB15E /* AppDelegate.swift */,
				786135152A12434B00CBB15E /* SceneDelegate.swift */,
			);
			path = Delegates;
			sourceTree = "<group>";
		};
		7861352F2A1247A400CBB15E /* Views */ = {
			isa = PBXGroup;
			children = (
				786135212A12434D00CBB15E /* LaunchScreen.storyboard */,
			);
			path = Views;
			sourceTree = "<group>";
		};
		786135302A1247AF00CBB15E /* DB */ = {
			isa = PBXGroup;
			children = (
				7861351C2A12434B00CBB15E /* DeezerApp.xcdatamodeld */,
			);
			path = DB;
			sourceTree = "<group>";
		};
		786135312A1249A000CBB15E /* Core */ = {
			isa = PBXGroup;
			children = (
				786135332A1249AD00CBB15E /* Extensions */,
				786135322A1249A700CBB15E /* Managers */,
				786135342A1249B300CBB15E /* Network */,
			);
			path = Core;
			sourceTree = "<group>";
		};
		786135322A1249A700CBB15E /* Managers */ = {
			isa = PBXGroup;
			children = (
				786135762A124FDF00CBB15E /* CoreDataManager.swift */,
			);
			path = Managers;
			sourceTree = "<group>";
		};
		786135332A1249AD00CBB15E /* Extensions */ = {
			isa = PBXGroup;
			children = (
				786135702A124F9300CBB15E /* CGFloat+Extensions.swift */,
				786135722A124FC000CBB15E /* UIImage+Extensions.swift */,
				786135742A124FCF00CBB15E /* UIColor+Extensions.swift */,
			);
			path = Extensions;
			sourceTree = "<group>";
		};
		786135342A1249B300CBB15E /* Network */ = {
			isa = PBXGroup;
			children = (
				786135422A124AA900CBB15E /* Requests */,
				786135362A1249C900CBB15E /* Services */,
				7861353A2A1249FD00CBB15E /* HTTPMethod.swift */,
				7861353C2A124A1600CBB15E /* ErrorResponse.swift */,
				7861353E2A124A2100CBB15E /* DataRequest.swift */,
				786135402A124A2B00CBB15E /* Endpoint.swift */,
			);
			path = Network;
			sourceTree = "<group>";
		};
		786135362A1249C900CBB15E /* Services */ = {
			isa = PBXGroup;
			children = (
				786135382A1249E400CBB15E /* NetworkService.swift */,
			);
			path = Services;
			sourceTree = "<group>";
		};
		786135422A124AA900CBB15E /* Requests */ = {
			isa = PBXGroup;
			children = (
				786135442A124AC700CBB15E /* AlbumListRequest.swift */,
				786135472A124ADA00CBB15E /* ArtistListRequest.swift */,
				786135492A124AE500CBB15E /* ArtistRequest.swift */,
				7861354B2A124AED00CBB15E /* AlbumRequest.swift */,
				7861354D2A124AF800CBB15E /* APIRequest.swift */,
				786135502A124B0A00CBB15E /* GenreRequest.swift */,
			);
			path = Requests;
			sourceTree = "<group>";
		};
		7861355C2A124B9200CBB15E /* Models */ = {
			isa = PBXGroup;
			children = (
				7861355A2A124B5200CBB15E /* AlbumResponse.swift */,
				786135582A124B4300CBB15E /* AlbumList.swift */,
				786135562A124B3E00CBB15E /* Artist.swift */,
				786135542A124B2E00CBB15E /* GenreResponse.swift */,
				786135522A124B1D00CBB15E /* ArtistListResponse.swift */,
			);
			path = Models;
			sourceTree = "<group>";
		};
		7861355D2A124DCF00CBB15E /* HomeView */ = {
			isa = PBXGroup;
			children = (
				786135632A124EB600CBB15E /* View */,
				786135642A124EBA00CBB15E /* ViewModel */,
				786135652A124ECB00CBB15E /* Controller */,
			);
			path = HomeView;
			sourceTree = "<group>";
		};
		7861355E2A124DD600CBB15E /* FavoriteView */ = {
			isa = PBXGroup;
			children = (
			);
			path = FavoriteView;
			sourceTree = "<group>";
		};
		786135632A124EB600CBB15E /* View */ = {
			isa = PBXGroup;
			children = (
				7861356C2A124F6100CBB15E /* HomeView.swift */,
				7861356E2A124F6800CBB15E /* MediaCell.swift */,
			);
			path = View;
			sourceTree = "<group>";
		};
		786135642A124EBA00CBB15E /* ViewModel */ = {
			isa = PBXGroup;
			children = (
				786135682A124F0600CBB15E /* HomeViewModel.swift */,
				7861356A2A124F1300CBB15E /* ArtistListViewModel.swift */,
			);
			path = ViewModel;
			sourceTree = "<group>";
		};
		786135652A124ECB00CBB15E /* Controller */ = {
			isa = PBXGroup;
			children = (
				786135172A12434B00CBB15E /* HomeVC.swift */,
				786135662A124EEE00CBB15E /* ArtistListVC.swift */,
			);
			path = Controller;
			sourceTree = "<group>";
		};
/* End PBXGroup section */

/* Begin PBXNativeTarget section */
		7861350F2A12434B00CBB15E /* DeezerApp */ = {
			isa = PBXNativeTarget;
			buildConfigurationList = 786135272A12434D00CBB15E /* Build configuration list for PBXNativeTarget "DeezerApp" */;
			buildPhases = (
				7861350C2A12434B00CBB15E /* Sources */,
				7861350D2A12434B00CBB15E /* Frameworks */,
				7861350E2A12434B00CBB15E /* Resources */,
			);
			buildRules = (
			);
			dependencies = (
			);
			name = DeezerApp;
			productName = DeezerApp;
			productReference = 786135102A12434B00CBB15E /* DeezerApp.app */;
			productType = "com.apple.product-type.application";
		};
/* End PBXNativeTarget section */

/* Begin PBXProject section */
		786135082A12434B00CBB15E /* Project object */ = {
			isa = PBXProject;
			attributes = {
				BuildIndependentTargetsInParallel = 1;
				LastSwiftUpdateCheck = 1430;
				LastUpgradeCheck = 1430;
				TargetAttributes = {
					7861350F2A12434B00CBB15E = {
						CreatedOnToolsVersion = 14.3;
					};
				};
			};
			buildConfigurationList = 7861350B2A12434B00CBB15E /* Build configuration list for PBXProject "DeezerApp" */;
			compatibilityVersion = "Xcode 14.0";
			developmentRegion = en;
			hasScannedForEncodings = 0;
			knownRegions = (
				en,
				Base,
			);
			mainGroup = 786135072A12434B00CBB15E;
			productRefGroup = 786135112A12434B00CBB15E /* Products */;
			projectDirPath = "";
			projectRoot = "";
			targets = (
				7861350F2A12434B00CBB15E /* DeezerApp */,
			);
		};
/* End PBXProject section */

/* Begin PBXResourcesBuildPhase section */
		7861350E2A12434B00CBB15E /* Resources */ = {
			isa = PBXResourcesBuildPhase;
			buildActionMask = 2147483647;
			files = (
				786135232A12434D00CBB15E /* LaunchScreen.storyboard in Resources */,
				786135202A12434D00CBB15E /* Assets.xcassets in Resources */,
			);
			runOnlyForDeploymentPostprocessing = 0;
		};
/* End PBXResourcesBuildPhase section */

/* Begin PBXSourcesBuildPhase section */
		7861350C2A12434B00CBB15E /* Sources */ = {
			isa = PBXSourcesBuildPhase;
			buildActionMask = 2147483647;
			files = (
				786135392A1249E400CBB15E /* NetworkService.swift in Sources */,
				786135752A124FCF00CBB15E /* UIColor+Extensions.swift in Sources */,
				786135622A124E3600CBB15E /* BaseViewModel.swift in Sources */,
				786135712A124F9300CBB15E /* CGFloat+Extensions.swift in Sources */,
				786135412A124A2B00CBB15E /* Endpoint.swift in Sources */,
				786135182A12434B00CBB15E /* HomeVC.swift in Sources */,
				786135452A124AC700CBB15E /* AlbumListRequest.swift in Sources */,
				786135512A124B0A00CBB15E /* GenreRequest.swift in Sources */,
				786135532A124B1D00CBB15E /* ArtistListResponse.swift in Sources */,
				786135672A124EEE00CBB15E /* ArtistListVC.swift in Sources */,
				7861353B2A1249FD00CBB15E /* HTTPMethod.swift in Sources */,
				786135772A124FDF00CBB15E /* CoreDataManager.swift in Sources */,
				786135142A12434B00CBB15E /* AppDelegate.swift in Sources */,
				7861354A2A124AE500CBB15E /* ArtistRequest.swift in Sources */,
				786135552A124B2E00CBB15E /* GenreResponse.swift in Sources */,
				7861351E2A12434B00CBB15E /* DeezerApp.xcdatamodeld in Sources */,
				7861356F2A124F6800CBB15E /* MediaCell.swift in Sources */,
				7861354E2A124AF800CBB15E /* APIRequest.swift in Sources */,
				786135572A124B3E00CBB15E /* Artist.swift in Sources */,
				7861356D2A124F6100CBB15E /* HomeView.swift in Sources */,
				786135162A12434B00CBB15E /* SceneDelegate.swift in Sources */,
				7861353D2A124A1600CBB15E /* ErrorResponse.swift in Sources */,
				786135592A124B4300CBB15E /* AlbumList.swift in Sources */,
				7861354C2A124AED00CBB15E /* AlbumRequest.swift in Sources */,
				786135692A124F0600CBB15E /* HomeViewModel.swift in Sources */,
				7861353F2A124A2100CBB15E /* DataRequest.swift in Sources */,
				7861355B2A124B5200CBB15E /* AlbumResponse.swift in Sources */,
				786135602A124E2400CBB15E /* BaseVC.swift in Sources */,
				786135482A124ADA00CBB15E /* ArtistListRequest.swift in Sources */,
				7861356B2A124F1300CBB15E /* ArtistListViewModel.swift in Sources */,
				786135732A124FC000CBB15E /* UIImage+Extensions.swift in Sources */,
			);
			runOnlyForDeploymentPostprocessing = 0;
		};
/* End PBXSourcesBuildPhase section */

/* Begin PBXVariantGroup section */
		786135212A12434D00CBB15E /* LaunchScreen.storyboard */ = {
			isa = PBXVariantGroup;
			children = (
				786135222A12434D00CBB15E /* Base */,
			);
			name = LaunchScreen.storyboard;
			sourceTree = "<group>";
		};
/* End PBXVariantGroup section */

/* Begin XCBuildConfiguration section */
		786135252A12434D00CBB15E /* Debug */ = {
			isa = XCBuildConfiguration;
			buildSettings = {
				ALWAYS_SEARCH_USER_PATHS = NO;
				CLANG_ANALYZER_NONNULL = YES;
				CLANG_ANALYZER_NUMBER_OBJECT_CONVERSION = YES_AGGRESSIVE;
				CLANG_CXX_LANGUAGE_STANDARD = "gnu++20";
				CLANG_ENABLE_MODULES = YES;
				CLANG_ENABLE_OBJC_ARC = YES;
				CLANG_ENABLE_OBJC_WEAK = YES;
				CLANG_WARN_BLOCK_CAPTURE_AUTORELEASING = YES;
				CLANG_WARN_BOOL_CONVERSION = YES;
				CLANG_WARN_COMMA = YES;
				CLANG_WARN_CONSTANT_CONVERSION = YES;
				CLANG_WARN_DEPRECATED_OBJC_IMPLEMENTATIONS = YES;
				CLANG_WARN_DIRECT_OBJC_ISA_USAGE = YES_ERROR;
				CLANG_WARN_DOCUMENTATION_COMMENTS = YES;
				CLANG_WARN_EMPTY_BODY = YES;
				CLANG_WARN_ENUM_CONVERSION = YES;
				CLANG_WARN_INFINITE_RECURSION = YES;
				CLANG_WARN_INT_CONVERSION = YES;
				CLANG_WARN_NON_LITERAL_NULL_CONVERSION = YES;
				CLANG_WARN_OBJC_IMPLICIT_RETAIN_SELF = YES;
				CLANG_WARN_OBJC_LITERAL_CONVERSION = YES;
				CLANG_WARN_OBJC_ROOT_CLASS = YES_ERROR;
				CLANG_WARN_QUOTED_INCLUDE_IN_FRAMEWORK_HEADER = YES;
				CLANG_WARN_RANGE_LOOP_ANALYSIS = YES;
				CLANG_WARN_STRICT_PROTOTYPES = YES;
				CLANG_WARN_SUSPICIOUS_MOVE = YES;
				CLANG_WARN_UNGUARDED_AVAILABILITY = YES_AGGRESSIVE;
				CLANG_WARN_UNREACHABLE_CODE = YES;
				CLANG_WARN__DUPLICATE_METHOD_MATCH = YES;
				COPY_PHASE_STRIP = NO;
				DEBUG_INFORMATION_FORMAT = dwarf;
				ENABLE_STRICT_OBJC_MSGSEND = YES;
				ENABLE_TESTABILITY = YES;
				GCC_C_LANGUAGE_STANDARD = gnu11;
				GCC_DYNAMIC_NO_PIC = NO;
				GCC_NO_COMMON_BLOCKS = YES;
				GCC_OPTIMIZATION_LEVEL = 0;
				GCC_PREPROCESSOR_DEFINITIONS = (
					"DEBUG=1",
					"$(inherited)",
				);
				GCC_WARN_64_TO_32_BIT_CONVERSION = YES;
				GCC_WARN_ABOUT_RETURN_TYPE = YES_ERROR;
				GCC_WARN_UNDECLARED_SELECTOR = YES;
				GCC_WARN_UNINITIALIZED_AUTOS = YES_AGGRESSIVE;
				GCC_WARN_UNUSED_FUNCTION = YES;
				GCC_WARN_UNUSED_VARIABLE = YES;
				IPHONEOS_DEPLOYMENT_TARGET = 16.4;
				MTL_ENABLE_DEBUG_INFO = INCLUDE_SOURCE;
				MTL_FAST_MATH = YES;
				ONLY_ACTIVE_ARCH = YES;
				SDKROOT = iphoneos;
				SWIFT_ACTIVE_COMPILATION_CONDITIONS = DEBUG;
				SWIFT_OPTIMIZATION_LEVEL = "-Onone";
			};
			name = Debug;
		};
		786135262A12434D00CBB15E /* Release */ = {
			isa = XCBuildConfiguration;
			buildSettings = {
				ALWAYS_SEARCH_USER_PATHS = NO;
				CLANG_ANALYZER_NONNULL = YES;
				CLANG_ANALYZER_NUMBER_OBJECT_CONVERSION = YES_AGGRESSIVE;
				CLANG_CXX_LANGUAGE_STANDARD = "gnu++20";
				CLANG_ENABLE_MODULES = YES;
				CLANG_ENABLE_OBJC_ARC = YES;
				CLANG_ENABLE_OBJC_WEAK = YES;
				CLANG_WARN_BLOCK_CAPTURE_AUTORELEASING = YES;
				CLANG_WARN_BOOL_CONVERSION = YES;
				CLANG_WARN_COMMA = YES;
				CLANG_WARN_CONSTANT_CONVERSION = YES;
				CLANG_WARN_DEPRECATED_OBJC_IMPLEMENTATIONS = YES;
				CLANG_WARN_DIRECT_OBJC_ISA_USAGE = YES_ERROR;
				CLANG_WARN_DOCUMENTATION_COMMENTS = YES;
				CLANG_WARN_EMPTY_BODY = YES;
				CLANG_WARN_ENUM_CONVERSION = YES;
				CLANG_WARN_INFINITE_RECURSION = YES;
				CLANG_WARN_INT_CONVERSION = YES;
				CLANG_WARN_NON_LITERAL_NULL_CONVERSION = YES;
				CLANG_WARN_OBJC_IMPLICIT_RETAIN_SELF = YES;
				CLANG_WARN_OBJC_LITERAL_CONVERSION = YES;
				CLANG_WARN_OBJC_ROOT_CLASS = YES_ERROR;
				CLANG_WARN_QUOTED_INCLUDE_IN_FRAMEWORK_HEADER = YES;
				CLANG_WARN_RANGE_LOOP_ANALYSIS = YES;
				CLANG_WARN_STRICT_PROTOTYPES = YES;
				CLANG_WARN_SUSPICIOUS_MOVE = YES;
				CLANG_WARN_UNGUARDED_AVAILABILITY = YES_AGGRESSIVE;
				CLANG_WARN_UNREACHABLE_CODE = YES;
				CLANG_WARN__DUPLICATE_METHOD_MATCH = YES;
				COPY_PHASE_STRIP = NO;
				DEBUG_INFORMATION_FORMAT = "dwarf-with-dsym";
				ENABLE_NS_ASSERTIONS = NO;
				ENABLE_STRICT_OBJC_MSGSEND = YES;
				GCC_C_LANGUAGE_STANDARD = gnu11;
				GCC_NO_COMMON_BLOCKS = YES;
				GCC_WARN_64_TO_32_BIT_CONVERSION = YES;
				GCC_WARN_ABOUT_RETURN_TYPE = YES_ERROR;
				GCC_WARN_UNDECLARED_SELECTOR = YES;
				GCC_WARN_UNINITIALIZED_AUTOS = YES_AGGRESSIVE;
				GCC_WARN_UNUSED_FUNCTION = YES;
				GCC_WARN_UNUSED_VARIABLE = YES;
				IPHONEOS_DEPLOYMENT_TARGET = 16.4;
				MTL_ENABLE_DEBUG_INFO = NO;
				MTL_FAST_MATH = YES;
				SDKROOT = iphoneos;
				SWIFT_COMPILATION_MODE = wholemodule;
				SWIFT_OPTIMIZATION_LEVEL = "-O";
				VALIDATE_PRODUCT = YES;
			};
			name = Release;
		};
		786135282A12434D00CBB15E /* Debug */ = {
			isa = XCBuildConfiguration;
			buildSettings = {
				ASSETCATALOG_COMPILER_APPICON_NAME = AppIcon;
				ASSETCATALOG_COMPILER_GLOBAL_ACCENT_COLOR_NAME = AccentColor;
				CODE_SIGN_STYLE = Automatic;
				CURRENT_PROJECT_VERSION = 1;
				DEVELOPMENT_TEAM = L44A2FFS88;
				GENERATE_INFOPLIST_FILE = YES;
				INFOPLIST_FILE = DeezerApp/App/Plists/Info.plist;
				INFOPLIST_KEY_UIApplicationSupportsIndirectInputEvents = YES;
				INFOPLIST_KEY_UILaunchStoryboardName = LaunchScreen;
				INFOPLIST_KEY_UISupportedInterfaceOrientations = UIInterfaceOrientationPortrait;
				INFOPLIST_KEY_UISupportedInterfaceOrientations_iPad = "UIInterfaceOrientationLandscapeLeft UIInterfaceOrientationLandscapeRight UIInterfaceOrientationPortrait UIInterfaceOrientationPortraitUpsideDown";
				LD_RUNPATH_SEARCH_PATHS = (
					"$(inherited)",
					"@executable_path/Frameworks",
				);
				MARKETING_VERSION = 1.0;
				PRODUCT_BUNDLE_IDENTIFIER = com.my.app.DeezerApp;
				PRODUCT_NAME = "$(TARGET_NAME)";
				SUPPORTED_PLATFORMS = "iphoneos iphonesimulator";
				SUPPORTS_MACCATALYST = NO;
				SUPPORTS_MAC_DESIGNED_FOR_IPHONE_IPAD = NO;
				SWIFT_EMIT_LOC_STRINGS = YES;
				SWIFT_VERSION = 5.0;
				TARGETED_DEVICE_FAMILY = 1;
			};
			name = Debug;
		};
		786135292A12434D00CBB15E /* Release */ = {
			isa = XCBuildConfiguration;
			buildSettings = {
				ASSETCATALOG_COMPILER_APPICON_NAME = AppIcon;
				ASSETCATALOG_COMPILER_GLOBAL_ACCENT_COLOR_NAME = AccentColor;
				CODE_SIGN_STYLE = Automatic;
				CURRENT_PROJECT_VERSION = 1;
				DEVELOPMENT_TEAM = L44A2FFS88;
				GENERATE_INFOPLIST_FILE = YES;
				INFOPLIST_FILE = DeezerApp/App/Plists/Info.plist;
				INFOPLIST_KEY_UIApplicationSupportsIndirectInputEvents = YES;
				INFOPLIST_KEY_UILaunchStoryboardName = LaunchScreen;
				INFOPLIST_KEY_UISupportedInterfaceOrientations = UIInterfaceOrientationPortrait;
				INFOPLIST_KEY_UISupportedInterfaceOrientations_iPad = "UIInterfaceOrientationLandscapeLeft UIInterfaceOrientationLandscapeRight UIInterfaceOrientationPortrait UIInterfaceOrientationPortraitUpsideDown";
				LD_RUNPATH_SEARCH_PATHS = (
					"$(inherited)",
					"@executable_path/Frameworks",
				);
				MARKETING_VERSION = 1.0;
				PRODUCT_BUNDLE_IDENTIFIER = com.my.app.DeezerApp;
				PRODUCT_NAME = "$(TARGET_NAME)";
				SUPPORTED_PLATFORMS = "iphoneos iphonesimulator";
				SUPPORTS_MACCATALYST = NO;
				SUPPORTS_MAC_DESIGNED_FOR_IPHONE_IPAD = NO;
				SWIFT_EMIT_LOC_STRINGS = YES;
				SWIFT_VERSION = 5.0;
				TARGETED_DEVICE_FAMILY = 1;
			};
			name = Release;
		};
/* End XCBuildConfiguration section */

/* Begin XCConfigurationList section */
		7861350B2A12434B00CBB15E /* Build configuration list for PBXProject "DeezerApp" */ = {
			isa = XCConfigurationList;
			buildConfigurations = (
				786135252A12434D00CBB15E /* Debug */,
				786135262A12434D00CBB15E /* Release */,
			);
			defaultConfigurationIsVisible = 0;
			defaultConfigurationName = Release;
		};
		786135272A12434D00CBB15E /* Build configuration list for PBXNativeTarget "DeezerApp" */ = {
			isa = XCConfigurationList;
			buildConfigurations = (
				786135282A12434D00CBB15E /* Debug */,
				786135292A12434D00CBB15E /* Release */,
			);
			defaultConfigurationIsVisible = 0;
			defaultConfigurationName = Release;
		};
/* End XCConfigurationList section */

/* Begin XCVersionGroup section */
		7861351C2A12434B00CBB15E /* DeezerApp.xcdatamodeld */ = {
			isa = XCVersionGroup;
			children = (
				7861351D2A12434B00CBB15E /* DeezerApp.xcdatamodel */,
			);
			currentVersion = 7861351D2A12434B00CBB15E /* DeezerApp.xcdatamodel */;
			path = DeezerApp.xcdatamodeld;
			sourceTree = "<group>";
			versionGroupType = wrapper.xcdatamodel;
		};
/* End XCVersionGroup section */
	};
	rootObject = 786135082A12434B00CBB15E /* Project object */;
}
